github.com/gomodule/redigo v2.0.0+incompatible h1:K/R+8tc58AaqLkqG2Ol3Qk+DR/TlNuhuh457pBFPtt0=
github.com/gomodule/redigo v2.0.0+incompatible/go.mod h1:B4C85qUVwatsJoIUNIfCRsp7qO0iAmpGFZ4EELWSbC4=
github.com/rafaeljusto/redigomock v0.0.0-20191117212112-00b2509252a1 h1:leEwA4MD1ew0lNgzz6Q4G76G3AEfeci+TMggN6WuFRs=
github.com/rafaeljusto/redigomock v0.0.0-20191117212112-00b2509252a1/go.mod h1:JaY6n2sDr+z2WTsXkOmNRUfDy6FN0L6Nk7x06ndm4tY=
